
Microsoft Visual Studio Solution File, Format Version 12.00
# Visual Studio Version 17
VisualStudioVersion = 17.4.33110.190
MinimumVisualStudioVersion = 10.0.40219.1
Project("{FAE04EC0-301F-11D3-BF4B-00C04F79EFBC}") = "kurs tiik", "kurs tiik\kurs tiik.csproj", "{FB06B85C-E988-4A99-B98F-926E57D341A1}"
EndProject
Global
	GlobalSection(SolutionConfigurationPlatforms) = preSolution
		Debug|Any CPU = Debug|Any CPU
		Release|Any CPU = Release|Any CPU
	EndGlobalSection
	GlobalSection(ProjectConfigurationPlatforms) = postSolution
		{FB06B85C-E988-4A99-B98F-926E57D341A1}.Debug|Any CPU.ActiveCfg = Debug|Any CPU
		{FB06B85C-E988-4A99-B98F-926E57D341A1}.Debug|Any CPU.Build.0 = Debug|Any CPU
		{FB06B85C-E988-4A99-B98F-926E57D341A1}.Release|Any CPU.ActiveCfg = Release|Any CPU
		{FB06B85C-E988-4A99-B98F-926E57D341A1}.Release|Any CPU.Build.0 = Release|Any CPU
	EndGlobalSection
	GlobalSection(SolutionProperties) = preSolution
		HideSolutionNode = FALSE
	EndGlobalSection
	GlobalSection(ExtensibilityGlobals) = postSolution
		SolutionGuid = {58427C24-2367-4621-9433-EAC9DA33B4A5}
	EndGlobalSection
EndGlobal
